{
  "version": 4,
  "terraform_version": "1.0.11",
  "serial": 24,
  "lineage": "5803383d-29e5-69ec-13a9-01b2562db6fc",
  "outputs": {},
  "resources": [
    {
      "mode": "managed",
      "type": "aws_iam_group",
      "name": "test_group",
      "provider": "provider[\"registry.terraform.io/hashicorp/aws\"]",
      "instances": [
        {
          "schema_version": 0,
          "attributes": {
            "arn": "arn:aws:iam::006837851637:group/terraform-test-group2",
            "id": "terraform-test-group2",
            "name": "terraform-test-group2",
            "path": "/",
            "unique_id": "AGPAQDF4RKX26MGCJ5SA6"
          },
          "sensitive_attributes": [],
          "private": "bnVsbA=="
        }
      ]
    },
    {
      "mode": "managed",
      "type": "aws_iam_group_membership",
      "name": "devops",
      "provider": "provider[\"registry.terraform.io/hashicorp/aws\"]",
      "instances": [
        {
          "schema_version": 0,
          "attributes": {
            "group": "terraform-test-group2",
            "id": "terraform-test-group2",
            "name": "terraform-test-group2",
            "users": [
              "terraform-test-user"
            ]
          },
          "sensitive_attributes": [],
          "private": "bnVsbA==",
          "dependencies": [
            "aws_iam_user.test_user",
            "aws_iam_group.test_group"
          ]
        }
      ]
    },
    {
      "mode": "managed",
      "type": "aws_iam_instance_profile",
      "name": "profile",
      "provider": "provider[\"registry.terraform.io/hashicorp/aws\"]",
      "instances": [
        {
          "schema_version": 0,
          "attributes": {
            "arn": "arn:aws:iam::006837851637:instance-profile/seung-test-profile",
            "create_date": "2022-01-25T06:23:29Z",
            "id": "seung-test-profile",
            "name": "seung-test-profile",
            "name_prefix": null,
            "path": "/",
            "role": "seung-test-iam-role",
            "tags": {},
            "tags_all": {},
            "unique_id": "AIPAQDF4RKX25PWN3L64N"
          },
          "sensitive_attributes": [],
          "private": "bnVsbA==",
          "dependencies": [
            "aws_iam_role.iam_role"
          ]
        }
      ]
    },
    {
      "mode": "managed",
      "type": "aws_iam_role",
      "name": "iam_role",
      "provider": "provider[\"registry.terraform.io/hashicorp/aws\"]",
      "instances": [
        {
          "schema_version": 0,
          "attributes": {
            "arn": "arn:aws:iam::006837851637:role/seung-test-iam-role",
            "assume_role_policy": "{\"Version\":\"2012-10-17\",\"Statement\":[{\"Sid\":\"\",\"Effect\":\"Allow\",\"Principal\":{\"Service\":\"ec2.amazonaws.com\"},\"Action\":\"sts:AssumeRole\"}]}",
            "create_date": "2022-01-25T06:23:28Z",
            "description": "",
            "force_detach_policies": false,
            "id": "seung-test-iam-role",
            "inline_policy": [
              {
                "name": "seung-test-s3-policy",
                "policy": "{\n  \"Statement\": [\n    {\n      \"Sid\": \"AllowAppArtifactsReadAccess\",\n      \"Action\": [\n        \"s3:*\"\n      ],\n      \"Resource\": [\n        \"*\"\n      ],\n      \"Effect\": \"Allow\"\n    }\n  ]\n}\n"
              }
            ],
            "managed_policy_arns": [],
            "max_session_duration": 3600,
            "name": "seung-test-iam-role",
            "name_prefix": "",
            "path": "/",
            "permissions_boundary": null,
            "tags": {},
            "tags_all": {},
            "unique_id": "AROAQDF4RKX26NNP6KTGR"
          },
          "sensitive_attributes": [],
          "private": "bnVsbA=="
        }
      ]
    },
    {
      "mode": "managed",
      "type": "aws_iam_role_policy",
      "name": "policy_s3",
      "provider": "provider[\"registry.terraform.io/hashicorp/aws\"]",
      "instances": [
        {
          "schema_version": 0,
          "attributes": {
            "id": "seung-test-iam-role:seung-test-s3-policy",
            "name": "seung-test-s3-policy",
            "name_prefix": null,
            "policy": "{\n  \"Statement\": [\n    {\n      \"Sid\": \"AllowAppArtifactsReadAccess\",\n      \"Action\": [\n        \"s3:*\"\n      ],\n      \"Resource\": [\n        \"*\"\n      ],\n      \"Effect\": \"Allow\"\n    }\n  ]\n}\n",
            "role": "seung-test-iam-role"
          },
          "sensitive_attributes": [],
          "private": "bnVsbA==",
          "dependencies": [
            "aws_iam_role.iam_role"
          ]
        }
      ]
    },
    {
      "mode": "managed",
      "type": "aws_iam_user",
      "name": "gildong_hong",
      "provider": "provider[\"registry.terraform.io/hashicorp/aws\"]",
      "instances": [
        {
          "schema_version": 0,
          "attributes": {
            "arn": "arn:aws:iam::006837851637:user/gildong.hong",
            "force_destroy": false,
            "id": "gildong.hong",
            "name": "gildong.hong",
            "path": "/",
            "permissions_boundary": null,
            "tags": null,
            "tags_all": {},
            "unique_id": "AIDAQDF4RKX2ZHDT4ONS3"
          },
          "sensitive_attributes": [],
          "private": "bnVsbA=="
        }
      ]
    },
    {
      "mode": "managed",
      "type": "aws_iam_user",
      "name": "test_user",
      "provider": "provider[\"registry.terraform.io/hashicorp/aws\"]",
      "instances": [
        {
          "schema_version": 0,
          "attributes": {
            "arn": "arn:aws:iam::006837851637:user/terraform-test-user",
            "force_destroy": false,
            "id": "terraform-test-user",
            "name": "terraform-test-user",
            "path": "/",
            "permissions_boundary": null,
            "tags": {},
            "tags_all": {},
            "unique_id": "AIDAQDF4RKX2VWE6THZCI"
          },
          "sensitive_attributes": [],
          "private": "bnVsbA=="
        }
      ]
    },
    {
      "mode": "managed",
      "type": "aws_iam_user_policy",
      "name": "test-iam-policy",
      "provider": "provider[\"registry.terraform.io/hashicorp/aws\"]",
      "instances": [
        {
          "schema_version": 0,
          "attributes": {
            "id": "terraform-test-user:super-admin",
            "name": "super-admin",
            "name_prefix": null,
            "policy": "{\n    \"Version\": \"2012-10-17\",\n    \"Statement\": [\n        {\n            \"Effect\": \"Allow\",\n            \"Action\": [\n                \"*\"\n            ],\n            \"Resource\": [\n                \"*\"\n            ]\n        }\n    ]\n}\n",
            "user": "terraform-test-user"
          },
          "sensitive_attributes": [],
          "private": "bnVsbA==",
          "dependencies": [
            "aws_iam_user.test_user"
          ]
        }
      ]
    }
  ]
}
